
Microsoft Visual Studio Solution File, Format Version 12.00
# Visual Studio Version 16
VisualStudioVersion = 16.0.30503.244
MinimumVisualStudioVersion = 10.0.40219.1
Project("{FAE04EC0-301F-11D3-BF4B-00C04F79EFBC}") = "KjarClientApplication", "KjarClientApplication\KjarClientApplication.csproj", "{2441BFDA-6E2D-423E-BC06-0A9F8E6DD895}"
EndProject
Global
	GlobalSection(SolutionConfigurationPlatforms) = preSolution
		Debug|Any CPU = Debug|Any CPU
		Release|Any CPU = Release|Any CPU
	EndGlobalSection
	GlobalSection(ProjectConfigurationPlatforms) = postSolution
		{2441BFDA-6E2D-423E-BC06-0A9F8E6DD895}.Debug|Any CPU.ActiveCfg = Debug|Any CPU
		{2441BFDA-6E2D-423E-BC06-0A9F8E6DD895}.Debug|Any CPU.Build.0 = Debug|Any CPU
		{2441BFDA-6E2D-423E-BC06-0A9F8E6DD895}.Release|Any CPU.ActiveCfg = Release|Any CPU
		{2441BFDA-6E2D-423E-BC06-0A9F8E6DD895}.Release|Any CPU.Build.0 = Release|Any CPU
	EndGlobalSection
	GlobalSection(SolutionProperties) = preSolution
		HideSolutionNode = FALSE
	EndGlobalSection
	GlobalSection(ExtensibilityGlobals) = postSolution
		SolutionGuid = {E19517BD-BB2A-4FCB-A30C-9C5E292758E2}
	EndGlobalSection
EndGlobal
